
Microsoft Visual Studio Solution File, Format Version 12.00
# Visual Studio Version 17
VisualStudioVersion = 17.11.35222.181
MinimumVisualStudioVersion = 10.0.40219.1
Project("{FAE04EC0-301F-11D3-BF4B-00C04F79EFBC}") = "luyentap", "luyentap\luyentap.csproj", "{7180B825-DF30-4958-BA60-BBD7B88FDA5F}"
EndProject
Project("{FAE04EC0-301F-11D3-BF4B-00C04F79EFBC}") = "TestProject1", "TestProject1\TestProject1.csproj", "{DA26D36C-69E5-4796-85E7-C6209683DCD1}"
EndProject
Global
	GlobalSection(SolutionConfigurationPlatforms) = preSolution
		Debug|Any CPU = Debug|Any CPU
		Release|Any CPU = Release|Any CPU
	EndGlobalSection
	GlobalSection(ProjectConfigurationPlatforms) = postSolution
		{7180B825-DF30-4958-BA60-BBD7B88FDA5F}.Debug|Any CPU.ActiveCfg = Debug|Any CPU
		{7180B825-DF30-4958-BA60-BBD7B88FDA5F}.Debug|Any CPU.Build.0 = Debug|Any CPU
		{7180B825-DF30-4958-BA60-BBD7B88FDA5F}.Release|Any CPU.ActiveCfg = Release|Any CPU
		{7180B825-DF30-4958-BA60-BBD7B88FDA5F}.Release|Any CPU.Build.0 = Release|Any CPU
		{DA26D36C-69E5-4796-85E7-C6209683DCD1}.Debug|Any CPU.ActiveCfg = Debug|Any CPU
		{DA26D36C-69E5-4796-85E7-C6209683DCD1}.Debug|Any CPU.Build.0 = Debug|Any CPU
		{DA26D36C-69E5-4796-85E7-C6209683DCD1}.Release|Any CPU.ActiveCfg = Release|Any CPU
		{DA26D36C-69E5-4796-85E7-C6209683DCD1}.Release|Any CPU.Build.0 = Release|Any CPU
	EndGlobalSection
	GlobalSection(SolutionProperties) = preSolution
		HideSolutionNode = FALSE
	EndGlobalSection
	GlobalSection(ExtensibilityGlobals) = postSolution
		SolutionGuid = {CCE93709-AFC1-458A-98F5-7A1E027F8ADF}
	EndGlobalSection
EndGlobal
